// !$*UTF8*$!
{
	archiveVersion = 1;
	classes = {
	};
	objectVersion = 46;
	objects = {

/* Begin PBXBuildFile section */
		385FA3F11CD7E65200CC39F9 /* AppDelegate.swift in Sources */ = {isa = PBXBuildFile; fileRef = 385FA3F01CD7E65200CC39F9 /* AppDelegate.swift */; };
		385FA3F31CD7E65200CC39F9 /* ViewController.swift in Sources */ = {isa = PBXBuildFile; fileRef = 385FA3F21CD7E65200CC39F9 /* ViewController.swift */; };
		385FA3F61CD7E65200CC39F9 /* Main.storyboard in Resources */ = {isa = PBXBuildFile; fileRef = 385FA3F41CD7E65200CC39F9 /* Main.storyboard */; };
		385FA3F81CD7E65200CC39F9 /* Assets.xcassets in Resources */ = {isa = PBXBuildFile; fileRef = 385FA3F71CD7E65200CC39F9 /* Assets.xcassets */; };
		385FA3FB1CD7E65200CC39F9 /* LaunchScreen.storyboard in Resources */ = {isa = PBXBuildFile; fileRef = 385FA3F91CD7E65200CC39F9 /* LaunchScreen.storyboard */; };
		385FA4071CD7E9E800CC39F9 /* LambdaUI.framework in Frameworks */ = {isa = PBXBuildFile; fileRef = 385FA4061CD7E9E800CC39F9 /* LambdaUI.framework */; };
/* End PBXBuildFile section */

/* Begin PBXFileReference section */
		385FA3ED1CD7E65200CC39F9 /* LambdaUISample.app */ = {isa = PBXFileReference; explicitFileType = wrapper.application; includeInIndex = 0; path = LambdaUISample.app; sourceTree = BUILT_PRODUCTS_DIR; };
		385FA3F01CD7E65200CC39F9 /* AppDelegate.swift */ = {isa = PBXFileReference; lastKnownFileType = sourcecode.swift; path = AppDelegate.swift; sourceTree = "<group>"; };
		385FA3F21CD7E65200CC39F9 /* ViewController.swift */ = {isa = PBXFileReference; lastKnownFileType = sourcecode.swift; path = ViewController.swift; sourceTree = "<group>"; };
		385FA3F51CD7E65200CC39F9 /* Base */ = {isa = PBXFileReference; lastKnownFileType = file.storyboard; name = Base; path = Base.lproj/Main.storyboard; sourceTree = "<group>"; };
		385FA3F71CD7E65200CC39F9 /* Assets.xcassets */ = {isa = PBXFileReference; lastKnownFileType = folder.assetcatalog; path = Assets.xcassets; sourceTree = "<group>"; };
		385FA3FA1CD7E65200CC39F9 /* Base */ = {isa = PBXFileReference; lastKnownFileType = file.storyboard; name = Base; path = Base.lproj/LaunchScreen.storyboard; sourceTree = "<group>"; };
		385FA3FC1CD7E65200CC39F9 /* Info.plist */ = {isa = PBXFileReference; lastKnownFileType = text.plist.xml; path = Info.plist; sourceTree = "<group>"; };
		385FA4061CD7E9E800CC39F9 /* LambdaUI.framework */ = {isa = PBXFileReference; lastKnownFileType = wrapper.framework; name = LambdaUI.framework; path = "../../../../../../Library/Developer/Xcode/DerivedData/LambdaUI-dcbagvvslffpmsegeytwjprlgucx/Build/Products/Debug-iphonesimulator/LambdaUI.framework"; sourceTree = "<group>"; };
/* End PBXFileReference section */

/* Begin PBXFrameworksBuildPhase section */
		385FA3EA1CD7E65200CC39F9 /* Frameworks */ = {
			isa = PBXFrameworksBuildPhase;
			buildActionMask = 2147483647;
			files = (
				385FA4071CD7E9E800CC39F9 /* LambdaUI.framework in Frameworks */,
			);
			runOnlyForDeploymentPostprocessing = 0;
		};
/* End PBXFrameworksBuildPhase section */

/* Begin PBXGroup section */
		385FA3E41CD7E65200CC39F9 = {
			isa = PBXGroup;
			children = (
				385FA4061CD7E9E800CC39F9 /* LambdaUI.framework */,
				385FA3EF1CD7E65200CC39F9 /* LambdaUISample */,
				385FA3EE1CD7E65200CC39F9 /* Products */,
			);
			sourceTree = "<group>";
		};
		385FA3EE1CD7E65200CC39F9 /* Products */ = {
			isa = PBXGroup;
			children = (
				385FA3ED1CD7E65200CC39F9 /* LambdaUISample.app */,
			);
			name = Products;
			sourceTree = "<group>";
		};
		385FA3EF1CD7E65200CC39F9 /* LambdaUISample */ = {
			isa = PBXGroup;
			children = (
				385FA3F01CD7E65200CC39F9 /* AppDelegate.swift */,
				385FA3F21CD7E65200CC39F9 /* ViewController.swift */,
				385FA3F41CD7E65200CC39F9 /* Main.storyboard */,
				385FA3F71CD7E65200CC39F9 /* Assets.xcassets */,
				385FA3F91CD7E65200CC39F9 /* LaunchScreen.storyboard */,
				385FA3FC1CD7E65200CC39F9 /* Info.plist */,
			);
			path = LambdaUISample;
			sourceTree = "<group>";
		};
/* End PBXGroup section */

/* Begin PBXNativeTarget section */
		385FA3EC1CD7E65200CC39F9 /* LambdaUISample */ = {
			isa = PBXNativeTarget;
			buildConfigurationList = 385FA3FF1CD7E65200CC39F9 /* Build configuration list for PBXNativeTarget "LambdaUISample" */;
			buildPhases = (
				385FA3E91CD7E65200CC39F9 /* Sources */,
				385FA3EA1CD7E65200CC39F9 /* Frameworks */,
				385FA3EB1CD7E65200CC39F9 /* Resources */,
			);
			buildRules = (
			);
			dependencies = (
			);
			name = LambdaUISample;
			productName = LambdaUISample;
			productReference = 385FA3ED1CD7E65200CC39F9 /* LambdaUISample.app */;
			productType = "com.apple.product-type.application";
		};
/* End PBXNativeTarget section */

/* Begin PBXProject section */
		385FA3E51CD7E65200CC39F9 /* Project object */ = {
			isa = PBXProject;
			attributes = {
				LastSwiftUpdateCheck = 0730;
				LastUpgradeCheck = 0730;
				ORGANIZATIONNAME = "Mislav Javor";
				TargetAttributes = {
					385FA3EC1CD7E65200CC39F9 = {
						CreatedOnToolsVersion = 7.3;
					};
				};
			};
			buildConfigurationList = 385FA3E81CD7E65200CC39F9 /* Build configuration list for PBXProject "LambdaUISample" */;
			compatibilityVersion = "Xcode 3.2";
			developmentRegion = English;
			hasScannedForEncodings = 0;
			knownRegions = (
				en,
				Base,
			);
			mainGroup = 385FA3E41CD7E65200CC39F9;
			productRefGroup = 385FA3EE1CD7E65200CC39F9 /* Products */;
			projectDirPath = "";
			projectRoot = "";
			targets = (
				385FA3EC1CD7E65200CC39F9 /* LambdaUISample */,
			);
		};
/* End PBXProject section */

/* Begin PBXResourcesBuildPhase section */
		385FA3EB1CD7E65200CC39F9 /* Resources */ = {
			isa = PBXResourcesBuildPhase;
			buildActionMask = 2147483647;
			files = (
				385FA3FB1CD7E65200CC39F9 /* LaunchScreen.storyboard in Resources */,
				385FA3F81CD7E65200CC39F9 /* Assets.xcassets in Resources */,
				385FA3F61CD7E65200CC39F9 /* Main.storyboard in Resources */,
			);
			runOnlyForDeploymentPostprocessing = 0;
		};
/* End PBXResourcesBuildPhase section */

/* Begin PBXSourcesBuildPhase section */
		385FA3E91CD7E65200CC39F9 /* Sources */ = {
			isa = PBXSourcesBuildPhase;
			buildActionMask = 2147483647;
			files = (
				385FA3F31CD7E65200CC39F9 /* ViewController.swift in Sources */,
				385FA3F11CD7E65200CC39F9 /* AppDelegate.swift in Sources */,
			);
			runOnlyForDeploymentPostprocessing = 0;
		};
/* End PBXSourcesBuildPhase section */

/* Begin PBXVariantGroup section */
		385FA3F41CD7E65200CC39F9 /* Main.storyboard */ = {
			isa = PBXVariantGroup;
			children = (
				385FA3F51CD7E65200CC39F9 /* Base */,
			);
			name = Main.storyboard;
			sourceTree = "<group>";
		};
		385FA3F91CD7E65200CC39F9 /* LaunchScreen.storyboard */ = {
			isa = PBXVariantGroup;
			children = (
				385FA3FA1CD7E65200CC39F9 /* Base */,
			);
			name = LaunchScreen.storyboard;
			sourceTree = "<group>";
		};
/* End PBXVariantGroup section */

/* Begin XCBuildConfiguration section */
		385FA3FD1CD7E65200CC39F9 /* Debug */ = {
			isa = XCBuildConfiguration;
			buildSettings = {
				ALWAYS_SEARCH_USER_PATHS = NO;
				CLANG_ANALYZER_NONNULL = YES;
				CLANG_CXX_LANGUAGE_STANDARD = "gnu++0x";
				CLANG_CXX_LIBRARY = "libc++";
				CLANG_ENABLE_MODULES = YES;
				CLANG_ENABLE_OBJC_ARC = YES;
				CLANG_WARN_BOOL_CONVERSION = YES;
				CLANG_WARN_CONSTANT_CONVERSION = YES;
				CLANG_WARN_DIRECT_OBJC_ISA_USAGE = YES_ERROR;
				CLANG_WARN_EMPTY_BODY = YES;
				CLANG_WARN_ENUM_CONVERSION = YES;
				CLANG_WARN_INT_CONVERSION = YES;
				CLANG_WARN_OBJC_ROOT_CLASS = YES_ERROR;
				CLANG_WARN_UNREACHABLE_CODE = YES;
				CLANG_WARN__DUPLICATE_METHOD_MATCH = YES;
				"CODE_SIGN_IDENTITY[sdk=iphoneos*]" = "iPhone Developer";
				COPY_PHASE_STRIP = NO;
				DEBUG_INFORMATION_FORMAT = dwarf;
				ENABLE_STRICT_OBJC_MSGSEND = YES;
				ENABLE_TESTABILITY = YES;
				GCC_C_LANGUAGE_STANDARD = gnu99;
				GCC_DYNAMIC_NO_PIC = NO;
				GCC_NO_COMMON_BLOCKS = YES;
				GCC_OPTIMIZATION_LEVEL = 0;
				GCC_PREPROCESSOR_DEFINITIONS = (
					"DEBUG=1",
					"$(inherited)",
				);
				GCC_WARN_64_TO_32_BIT_CONVERSION = YES;
				GCC_WARN_ABOUT_RETURN_TYPE = YES_ERROR;
				GCC_WARN_UNDECLARED_SELECTOR = YES;
				GCC_WARN_UNINITIALIZED_AUTOS = YES_AGGRESSIVE;
				GCC_WARN_UNUSED_FUNCTION = YES;
				GCC_WARN_UNUSED_VARIABLE = YES;
				IPHONEOS_DEPLOYMENT_TARGET = 9.3;
				MTL_ENABLE_DEBUG_INFO = YES;
				ONLY_ACTIVE_ARCH = YES;
				SDKROOT = iphoneos;
				SWIFT_OPTIMIZATION_LEVEL = "-Onone";
				TARGETED_DEVICE_FAMILY = "1,2";
			};
			name = Debug;
		};
		385FA3FE1CD7E65200CC39F9 /* Release */ = {
			isa = XCBuildConfiguration;
			buildSettings = {
				ALWAYS_SEARCH_USER_PATHS = NO;
				CLANG_ANALYZER_NONNULL = YES;
				CLANG_CXX_LANGUAGE_STANDARD = "gnu++0x";
				CLANG_CXX_LIBRARY = "libc++";
				CLANG_ENABLE_MODULES = YES;
				CLANG_ENABLE_OBJC_ARC = YES;
				CLANG_WARN_BOOL_CONVERSION = YES;
				CLANG_WARN_CONSTANT_CONVERSION = YES;
				CLANG_WARN_DIRECT_OBJC_ISA_USAGE = YES_ERROR;
				CLANG_WARN_EMPTY_BODY = YES;
				CLANG_WARN_ENUM_CONVERSION = YES;
				CLANG_WARN_INT_CONVERSION = YES;
				CLANG_WARN_OBJC_ROOT_CLASS = YES_ERROR;
				CLANG_WARN_UNREACHABLE_CODE = YES;
				CLANG_WARN__DUPLICATE_METHOD_MATCH = YES;
				"CODE_SIGN_IDENTITY[sdk=iphoneos*]" = "iPhone Developer";
				COPY_PHASE_STRIP = NO;
				DEBUG_INFORMATION_FORMAT = "dwarf-with-dsym";
				ENABLE_NS_ASSERTIONS = NO;
				ENABLE_STRICT_OBJC_MSGSEND = YES;
				GCC_C_LANGUAGE_STANDARD = gnu99;
				GCC_NO_COMMON_BLOCKS = YES;
				GCC_WARN_64_TO_32_BIT_CONVERSION = YES;
				GCC_WARN_ABOUT_RETURN_TYPE = YES_ERROR;
				GCC_WARN_UNDECLARED_SELECTOR = YES;
				GCC_WARN_UNINITIALIZED_AUTOS = YES_AGGRESSIVE;
				GCC_WARN_UNUSED_FUNCTION = YES;
				GCC_WARN_UNUSED_VARIABLE = YES;
				IPHONEOS_DEPLOYMENT_TARGET = 9.3;
				MTL_ENABLE_DEBUG_INFO = NO;
				SDKROOT = iphoneos;
				TARGETED_DEVICE_FAMILY = "1,2";
				VALIDATE_PRODUCT = YES;
			};
			name = Release;
		};
		385FA4001CD7E65200CC39F9 /* Debug */ = {
			isa = XCBuildConfiguration;
			buildSettings = {
				ASSETCATALOG_COMPILER_APPICON_NAME = AppIcon;
				INFOPLIST_FILE = LambdaUISample/Info.plist;
				LD_RUNPATH_SEARCH_PATHS = "$(inherited) @executable_path/Frameworks";
				PRODUCT_BUNDLE_IDENTIFIER = com.mislavjavor.LambdaUISample;
				PRODUCT_NAME = "$(TARGET_NAME)";
			};
			name = Debug;
		};
		385FA4011CD7E65200CC39F9 /* Release */ = {
			isa = XCBuildConfiguration;
			buildSettings = {
				ASSETCATALOG_COMPILER_APPICON_NAME = AppIcon;
				INFOPLIST_FILE = LambdaUISample/Info.plist;
				LD_RUNPATH_SEARCH_PATHS = "$(inherited) @executable_path/Frameworks";
				PRODUCT_BUNDLE_IDENTIFIER = com.mislavjavor.LambdaUISample;
				PRODUCT_NAME = "$(TARGET_NAME)";
			};
			name = Release;
		};
/* End XCBuildConfiguration section */

/* Begin XCConfigurationList section */
		385FA3E81CD7E65200CC39F9 /* Build configuration list for PBXProject "LambdaUISample" */ = {
			isa = XCConfigurationList;
			buildConfigurations = (
				385FA3FD1CD7E65200CC39F9 /* Debug */,
				385FA3FE1CD7E65200CC39F9 /* Release */,
			);
			defaultConfigurationIsVisible = 0;
			defaultConfigurationName = Release;
		};
		385FA3FF1CD7E65200CC39F9 /* Build configuration list for PBXNativeTarget "LambdaUISample" */ = {
			isa = XCConfigurationList;
			buildConfigurations = (
				385FA4001CD7E65200CC39F9 /* Debug */,
				385FA4011CD7E65200CC39F9 /* Release */,
			);
			defaultConfigurationIsVisible = 0;
			defaultConfigurationName = Release;
		};
/* End XCConfigurationList section */
	};
	rootObject = 385FA3E51CD7E65200CC39F9 /* Project object */;
}
